
Microsoft Visual Studio Solution File, Format Version 11.00
# Visual Studio 2010
Project("{FAE04EC0-301F-11D3-BF4B-00C04F79EFBC}") = "testing-go", "Assembly-CSharp.csproj", "{86FE1BDB-C257-A1F6-014D-8F3DB4F99800}"
EndProject
Project("{FAE04EC0-301F-11D3-BF4B-00C04F79EFBC}") = "testing-go", "Assembly-CSharp-Editor.csproj", "{EC46117F-5C37-99E5-7705-7987DEC5F7F8}"
EndProject
Global
	GlobalSection(SolutionConfigurationPlatforms) = preSolution
		Debug|Any CPU = Debug|Any CPU
		Release|Any CPU = Release|Any CPU
	EndGlobalSection
	GlobalSection(ProjectConfigurationPlatforms) = postSolution
		{86FE1BDB-C257-A1F6-014D-8F3DB4F99800}.Debug|Any CPU.ActiveCfg = Debug|Any CPU
		{86FE1BDB-C257-A1F6-014D-8F3DB4F99800}.Debug|Any CPU.Build.0 = Debug|Any CPU
		{86FE1BDB-C257-A1F6-014D-8F3DB4F99800}.Release|Any CPU.ActiveCfg = Release|Any CPU
		{86FE1BDB-C257-A1F6-014D-8F3DB4F99800}.Release|Any CPU.Build.0 = Release|Any CPU
		{EC46117F-5C37-99E5-7705-7987DEC5F7F8}.Debug|Any CPU.ActiveCfg = Debug|Any CPU
		{EC46117F-5C37-99E5-7705-7987DEC5F7F8}.Debug|Any CPU.Build.0 = Debug|Any CPU
		{EC46117F-5C37-99E5-7705-7987DEC5F7F8}.Release|Any CPU.ActiveCfg = Release|Any CPU
		{EC46117F-5C37-99E5-7705-7987DEC5F7F8}.Release|Any CPU.Build.0 = Release|Any CPU
	EndGlobalSection
	GlobalSection(SolutionProperties) = preSolution
		HideSolutionNode = FALSE
	EndGlobalSection
	GlobalSection(MonoDevelopProperties) = preSolution
		StartupItem = Assembly-CSharp.csproj
	EndGlobalSection
EndGlobal
