
Microsoft Visual Studio Solution File, Format Version 11.00
# Visual Studio 2010
Project("{FAE04EC0-301F-11D3-BF4B-00C04F79EFBC}") = "c43167614f153b94fae54339fee37ebe", "Assembly-CSharp.csproj", "{936A35BB-0A89-3A27-7C54-7E77AE251B9B}"
EndProject
Project("{FAE04EC0-301F-11D3-BF4B-00C04F79EFBC}") = "c43167614f153b94fae54339fee37ebe", "Assembly-CSharp-Editor.csproj", "{9DD25D8C-94A7-0A9A-AE2F-2C701B5EC219}"
EndProject
Global
	GlobalSection(SolutionConfigurationPlatforms) = preSolution
		Debug|Any CPU = Debug|Any CPU
		Release|Any CPU = Release|Any CPU
	EndGlobalSection
	GlobalSection(ProjectConfigurationPlatforms) = postSolution
		{936A35BB-0A89-3A27-7C54-7E77AE251B9B}.Debug|Any CPU.ActiveCfg = Debug|Any CPU
		{936A35BB-0A89-3A27-7C54-7E77AE251B9B}.Debug|Any CPU.Build.0 = Debug|Any CPU
		{936A35BB-0A89-3A27-7C54-7E77AE251B9B}.Release|Any CPU.ActiveCfg = Release|Any CPU
		{936A35BB-0A89-3A27-7C54-7E77AE251B9B}.Release|Any CPU.Build.0 = Release|Any CPU
		{9DD25D8C-94A7-0A9A-AE2F-2C701B5EC219}.Debug|Any CPU.ActiveCfg = Debug|Any CPU
		{9DD25D8C-94A7-0A9A-AE2F-2C701B5EC219}.Debug|Any CPU.Build.0 = Debug|Any CPU
		{9DD25D8C-94A7-0A9A-AE2F-2C701B5EC219}.Release|Any CPU.ActiveCfg = Release|Any CPU
		{9DD25D8C-94A7-0A9A-AE2F-2C701B5EC219}.Release|Any CPU.Build.0 = Release|Any CPU
	EndGlobalSection
	GlobalSection(SolutionProperties) = preSolution
		HideSolutionNode = FALSE
	EndGlobalSection
	GlobalSection(MonoDevelopProperties) = preSolution
		StartupItem = Assembly-CSharp.csproj
	EndGlobalSection
EndGlobal
