
Microsoft Visual Studio Solution File, Format Version 11.00
# Visual Studio 2010
Project("{FAE04EC0-301F-11D3-BF4B-00C04F79EFBC}") = "touch-gun-go-wip", "Assembly-CSharp.csproj", "{BDC59DD8-5314-D247-E673-A3AE3AE4347C}"
EndProject
Project("{FAE04EC0-301F-11D3-BF4B-00C04F79EFBC}") = "touch-gun-go-wip", "Assembly-CSharp-Editor.csproj", "{3B260BEB-B45E-AE6F-AE74-8B6F37F5ABAF}"
EndProject
Global
	GlobalSection(SolutionConfigurationPlatforms) = preSolution
		Debug|Any CPU = Debug|Any CPU
		Release|Any CPU = Release|Any CPU
	EndGlobalSection
	GlobalSection(ProjectConfigurationPlatforms) = postSolution
		{BDC59DD8-5314-D247-E673-A3AE3AE4347C}.Debug|Any CPU.ActiveCfg = Debug|Any CPU
		{BDC59DD8-5314-D247-E673-A3AE3AE4347C}.Debug|Any CPU.Build.0 = Debug|Any CPU
		{BDC59DD8-5314-D247-E673-A3AE3AE4347C}.Release|Any CPU.ActiveCfg = Release|Any CPU
		{BDC59DD8-5314-D247-E673-A3AE3AE4347C}.Release|Any CPU.Build.0 = Release|Any CPU
		{3B260BEB-B45E-AE6F-AE74-8B6F37F5ABAF}.Debug|Any CPU.ActiveCfg = Debug|Any CPU
		{3B260BEB-B45E-AE6F-AE74-8B6F37F5ABAF}.Debug|Any CPU.Build.0 = Debug|Any CPU
		{3B260BEB-B45E-AE6F-AE74-8B6F37F5ABAF}.Release|Any CPU.ActiveCfg = Release|Any CPU
		{3B260BEB-B45E-AE6F-AE74-8B6F37F5ABAF}.Release|Any CPU.Build.0 = Release|Any CPU
	EndGlobalSection
	GlobalSection(SolutionProperties) = preSolution
		HideSolutionNode = FALSE
	EndGlobalSection
	GlobalSection(MonoDevelopProperties) = preSolution
		StartupItem = Assembly-CSharp.csproj
	EndGlobalSection
EndGlobal
